// !$*UTF8*$!
{
	archiveVersion = 1;
	classes = {
	};
	objectVersion = 55;
	objects = {

/* Begin PBXBuildFile section */
		F35D069428DFB5B9003F7CCC /* StoryPromptTableViewController.swift in Sources */ = {isa = PBXBuildFile; fileRef = F35D069328DFB5B9003F7CCC /* StoryPromptTableViewController.swift */; };
		F39CF4EE28DBFFA50008F918 /* AppDelegate.swift in Sources */ = {isa = PBXBuildFile; fileRef = F39CF4ED28DBFFA50008F918 /* AppDelegate.swift */; };
		F39CF4F028DBFFA50008F918 /* SceneDelegate.swift in Sources */ = {isa = PBXBuildFile; fileRef = F39CF4EF28DBFFA50008F918 /* SceneDelegate.swift */; };
		F39CF4F228DBFFA50008F918 /* AddStoryPromptViewController.swift in Sources */ = {isa = PBXBuildFile; fileRef = F39CF4F128DBFFA50008F918 /* AddStoryPromptViewController.swift */; };
		F39CF4F528DBFFA50008F918 /* Main.storyboard in Resources */ = {isa = PBXBuildFile; fileRef = F39CF4F328DBFFA50008F918 /* Main.storyboard */; };
		F39CF4F728DBFFA80008F918 /* Assets.xcassets in Resources */ = {isa = PBXBuildFile; fileRef = F39CF4F628DBFFA80008F918 /* Assets.xcassets */; };
		F39CF4FA28DBFFA80008F918 /* LaunchScreen.storyboard in Resources */ = {isa = PBXBuildFile; fileRef = F39CF4F828DBFFA80008F918 /* LaunchScreen.storyboard */; };
		F39CF50428DC012D0008F918 /* StoryPrompts.swift in Sources */ = {isa = PBXBuildFile; fileRef = F39CF50228DC012D0008F918 /* StoryPrompts.swift */; };
		F39CF50528DC012D0008F918 /* StoryPromptEntry.swift in Sources */ = {isa = PBXBuildFile; fileRef = F39CF50328DC012D0008F918 /* StoryPromptEntry.swift */; };
		F3D3945028DFA226009BAD62 /* StoryPromptViewController.swift in Sources */ = {isa = PBXBuildFile; fileRef = F3D3944F28DFA226009BAD62 /* StoryPromptViewController.swift */; };
/* End PBXBuildFile section */

/* Begin PBXFileReference section */
		F35D069328DFB5B9003F7CCC /* StoryPromptTableViewController.swift */ = {isa = PBXFileReference; lastKnownFileType = sourcecode.swift; path = StoryPromptTableViewController.swift; sourceTree = "<group>"; };
		F39CF4EA28DBFFA50008F918 /* StoryPrompt.app */ = {isa = PBXFileReference; explicitFileType = wrapper.application; includeInIndex = 0; path = StoryPrompt.app; sourceTree = BUILT_PRODUCTS_DIR; };
		F39CF4ED28DBFFA50008F918 /* AppDelegate.swift */ = {isa = PBXFileReference; lastKnownFileType = sourcecode.swift; path = AppDelegate.swift; sourceTree = "<group>"; };
		F39CF4EF28DBFFA50008F918 /* SceneDelegate.swift */ = {isa = PBXFileReference; lastKnownFileType = sourcecode.swift; path = SceneDelegate.swift; sourceTree = "<group>"; };
		F39CF4F128DBFFA50008F918 /* AddStoryPromptViewController.swift */ = {isa = PBXFileReference; lastKnownFileType = sourcecode.swift; path = AddStoryPromptViewController.swift; sourceTree = "<group>"; };
		F39CF4F428DBFFA50008F918 /* Base */ = {isa = PBXFileReference; lastKnownFileType = file.storyboard; name = Base; path = Base.lproj/Main.storyboard; sourceTree = "<group>"; };
		F39CF4F628DBFFA80008F918 /* Assets.xcassets */ = {isa = PBXFileReference; lastKnownFileType = folder.assetcatalog; path = Assets.xcassets; sourceTree = "<group>"; };
		F39CF4F928DBFFA80008F918 /* Base */ = {isa = PBXFileReference; lastKnownFileType = file.storyboard; name = Base; path = Base.lproj/LaunchScreen.storyboard; sourceTree = "<group>"; };
		F39CF4FB28DBFFA80008F918 /* Info.plist */ = {isa = PBXFileReference; lastKnownFileType = text.plist.xml; path = Info.plist; sourceTree = "<group>"; };
		F39CF50228DC012D0008F918 /* StoryPrompts.swift */ = {isa = PBXFileReference; fileEncoding = 4; lastKnownFileType = sourcecode.swift; path = StoryPrompts.swift; sourceTree = "<group>"; };
		F39CF50328DC012D0008F918 /* StoryPromptEntry.swift */ = {isa = PBXFileReference; fileEncoding = 4; lastKnownFileType = sourcecode.swift; path = StoryPromptEntry.swift; sourceTree = "<group>"; };
		F3D3944F28DFA226009BAD62 /* StoryPromptViewController.swift */ = {isa = PBXFileReference; lastKnownFileType = sourcecode.swift; path = StoryPromptViewController.swift; sourceTree = "<group>"; };
/* End PBXFileReference section */

/* Begin PBXFrameworksBuildPhase section */
		F39CF4E728DBFFA50008F918 /* Frameworks */ = {
			isa = PBXFrameworksBuildPhase;
			buildActionMask = 2147483647;
			files = (
			);
			runOnlyForDeploymentPostprocessing = 0;
		};
/* End PBXFrameworksBuildPhase section */

/* Begin PBXGroup section */
		F39CF4E128DBFFA50008F918 = {
			isa = PBXGroup;
			children = (
				F39CF4EC28DBFFA50008F918 /* StoryPrompt */,
				F39CF4EB28DBFFA50008F918 /* Products */,
			);
			sourceTree = "<group>";
		};
		F39CF4EB28DBFFA50008F918 /* Products */ = {
			isa = PBXGroup;
			children = (
				F39CF4EA28DBFFA50008F918 /* StoryPrompt.app */,
			);
			name = Products;
			sourceTree = "<group>";
		};
		F39CF4EC28DBFFA50008F918 /* StoryPrompt */ = {
			isa = PBXGroup;
			children = (
				F3D3945128DFA23A009BAD62 /* View Controllers */,
				F39CF50128DC00C40008F918 /* Model */,
				F39CF4ED28DBFFA50008F918 /* AppDelegate.swift */,
				F39CF4EF28DBFFA50008F918 /* SceneDelegate.swift */,
				F39CF4F328DBFFA50008F918 /* Main.storyboard */,
				F39CF4F628DBFFA80008F918 /* Assets.xcassets */,
				F39CF4F828DBFFA80008F918 /* LaunchScreen.storyboard */,
				F39CF4FB28DBFFA80008F918 /* Info.plist */,
			);
			path = StoryPrompt;
			sourceTree = "<group>";
		};
		F39CF50128DC00C40008F918 /* Model */ = {
			isa = PBXGroup;
			children = (
				F39CF50328DC012D0008F918 /* StoryPromptEntry.swift */,
				F39CF50228DC012D0008F918 /* StoryPrompts.swift */,
			);
			path = Model;
			sourceTree = "<group>";
		};
		F3D3945128DFA23A009BAD62 /* View Controllers */ = {
			isa = PBXGroup;
			children = (
				F35D069328DFB5B9003F7CCC /* StoryPromptTableViewController.swift */,
				F39CF4F128DBFFA50008F918 /* AddStoryPromptViewController.swift */,
				F3D3944F28DFA226009BAD62 /* StoryPromptViewController.swift */,
			);
			path = "View Controllers";
			sourceTree = "<group>";
		};
/* End PBXGroup section */

/* Begin PBXNativeTarget section */
		F39CF4E928DBFFA50008F918 /* StoryPrompt */ = {
			isa = PBXNativeTarget;
			buildConfigurationList = F39CF4FE28DBFFA80008F918 /* Build configuration list for PBXNativeTarget "StoryPrompt" */;
			buildPhases = (
				F39CF4E628DBFFA50008F918 /* Sources */,
				F39CF4E728DBFFA50008F918 /* Frameworks */,
				F39CF4E828DBFFA50008F918 /* Resources */,
			);
			buildRules = (
			);
			dependencies = (
			);
			name = StoryPrompt;
			productName = StoryPrompt;
			productReference = F39CF4EA28DBFFA50008F918 /* StoryPrompt.app */;
			productType = "com.apple.product-type.application";
		};
/* End PBXNativeTarget section */

/* Begin PBXProject section */
		F39CF4E228DBFFA50008F918 /* Project object */ = {
			isa = PBXProject;
			attributes = {
				BuildIndependentTargetsInParallel = 1;
				LastSwiftUpdateCheck = 1330;
				LastUpgradeCheck = 1330;
				TargetAttributes = {
					F39CF4E928DBFFA50008F918 = {
						CreatedOnToolsVersion = 13.3;
					};
				};
			};
			buildConfigurationList = F39CF4E528DBFFA50008F918 /* Build configuration list for PBXProject "StoryPrompt" */;
			compatibilityVersion = "Xcode 13.0";
			developmentRegion = en;
			hasScannedForEncodings = 0;
			knownRegions = (
				en,
				Base,
			);
			mainGroup = F39CF4E128DBFFA50008F918;
			productRefGroup = F39CF4EB28DBFFA50008F918 /* Products */;
			projectDirPath = "";
			projectRoot = "";
			targets = (
				F39CF4E928DBFFA50008F918 /* StoryPrompt */,
			);
		};
/* End PBXProject section */

/* Begin PBXResourcesBuildPhase section */
		F39CF4E828DBFFA50008F918 /* Resources */ = {
			isa = PBXResourcesBuildPhase;
			buildActionMask = 2147483647;
			files = (
				F39CF4FA28DBFFA80008F918 /* LaunchScreen.storyboard in Resources */,
				F39CF4F728DBFFA80008F918 /* Assets.xcassets in Resources */,
				F39CF4F528DBFFA50008F918 /* Main.storyboard in Resources */,
			);
			runOnlyForDeploymentPostprocessing = 0;
		};
/* End PBXResourcesBuildPhase section */

/* Begin PBXSourcesBuildPhase section */
		F39CF4E628DBFFA50008F918 /* Sources */ = {
			isa = PBXSourcesBuildPhase;
			buildActionMask = 2147483647;
			files = (
				F35D069428DFB5B9003F7CCC /* StoryPromptTableViewController.swift in Sources */,
				F3D3945028DFA226009BAD62 /* StoryPromptViewController.swift in Sources */,
				F39CF50528DC012D0008F918 /* StoryPromptEntry.swift in Sources */,
				F39CF4F228DBFFA50008F918 /* AddStoryPromptViewController.swift in Sources */,
				F39CF4EE28DBFFA50008F918 /* AppDelegate.swift in Sources */,
				F39CF4F028DBFFA50008F918 /* SceneDelegate.swift in Sources */,
				F39CF50428DC012D0008F918 /* StoryPrompts.swift in Sources */,
			);
			runOnlyForDeploymentPostprocessing = 0;
		};
/* End PBXSourcesBuildPhase section */

/* Begin PBXVariantGroup section */
		F39CF4F328DBFFA50008F918 /* Main.storyboard */ = {
			isa = PBXVariantGroup;
			children = (
				F39CF4F428DBFFA50008F918 /* Base */,
			);
			name = Main.storyboard;
			sourceTree = "<group>";
		};
		F39CF4F828DBFFA80008F918 /* LaunchScreen.storyboard */ = {
			isa = PBXVariantGroup;
			children = (
				F39CF4F928DBFFA80008F918 /* Base */,
			);
			name = LaunchScreen.storyboard;
			sourceTree = "<group>";
		};
/* End PBXVariantGroup section */

/* Begin XCBuildConfiguration section */
		F39CF4FC28DBFFA80008F918 /* Debug */ = {
			isa = XCBuildConfiguration;
			buildSettings = {
				ALWAYS_SEARCH_USER_PATHS = NO;
				CLANG_ANALYZER_NONNULL = YES;
				CLANG_ANALYZER_NUMBER_OBJECT_CONVERSION = YES_AGGRESSIVE;
				CLANG_CXX_LANGUAGE_STANDARD = "gnu++17";
				CLANG_ENABLE_MODULES = YES;
				CLANG_ENABLE_OBJC_ARC = YES;
				CLANG_ENABLE_OBJC_WEAK = YES;
				CLANG_WARN_BLOCK_CAPTURE_AUTORELEASING = YES;
				CLANG_WARN_BOOL_CONVERSION = YES;
				CLANG_WARN_COMMA = YES;
				CLANG_WARN_CONSTANT_CONVERSION = YES;
				CLANG_WARN_DEPRECATED_OBJC_IMPLEMENTATIONS = YES;
				CLANG_WARN_DIRECT_OBJC_ISA_USAGE = YES_ERROR;
				CLANG_WARN_DOCUMENTATION_COMMENTS = YES;
				CLANG_WARN_EMPTY_BODY = YES;
				CLANG_WARN_ENUM_CONVERSION = YES;
				CLANG_WARN_INFINITE_RECURSION = YES;
				CLANG_WARN_INT_CONVERSION = YES;
				CLANG_WARN_NON_LITERAL_NULL_CONVERSION = YES;
				CLANG_WARN_OBJC_IMPLICIT_RETAIN_SELF = YES;
				CLANG_WARN_OBJC_LITERAL_CONVERSION = YES;
				CLANG_WARN_OBJC_ROOT_CLASS = YES_ERROR;
				CLANG_WARN_QUOTED_INCLUDE_IN_FRAMEWORK_HEADER = YES;
				CLANG_WARN_RANGE_LOOP_ANALYSIS = YES;
				CLANG_WARN_STRICT_PROTOTYPES = YES;
				CLANG_WARN_SUSPICIOUS_MOVE = YES;
				CLANG_WARN_UNGUARDED_AVAILABILITY = YES_AGGRESSIVE;
				CLANG_WARN_UNREACHABLE_CODE = YES;
				CLANG_WARN__DUPLICATE_METHOD_MATCH = YES;
				COPY_PHASE_STRIP = NO;
				DEBUG_INFORMATION_FORMAT = dwarf;
				ENABLE_STRICT_OBJC_MSGSEND = YES;
				ENABLE_TESTABILITY = YES;
				GCC_C_LANGUAGE_STANDARD = gnu11;
				GCC_DYNAMIC_NO_PIC = NO;
				GCC_NO_COMMON_BLOCKS = YES;
				GCC_OPTIMIZATION_LEVEL = 0;
				GCC_PREPROCESSOR_DEFINITIONS = (
					"DEBUG=1",
					"$(inherited)",
				);
				GCC_WARN_64_TO_32_BIT_CONVERSION = YES;
				GCC_WARN_ABOUT_RETURN_TYPE = YES_ERROR;
				GCC_WARN_UNDECLARED_SELECTOR = YES;
				GCC_WARN_UNINITIALIZED_AUTOS = YES_AGGRESSIVE;
				GCC_WARN_UNUSED_FUNCTION = YES;
				GCC_WARN_UNUSED_VARIABLE = YES;
				IPHONEOS_DEPLOYMENT_TARGET = 15.4;
				MTL_ENABLE_DEBUG_INFO = INCLUDE_SOURCE;
				MTL_FAST_MATH = YES;
				ONLY_ACTIVE_ARCH = YES;
				SDKROOT = iphoneos;
				SWIFT_ACTIVE_COMPILATION_CONDITIONS = DEBUG;
				SWIFT_OPTIMIZATION_LEVEL = "-Onone";
			};
			name = Debug;
		};
		F39CF4FD28DBFFA80008F918 /* Release */ = {
			isa = XCBuildConfiguration;
			buildSettings = {
				ALWAYS_SEARCH_USER_PATHS = NO;
				CLANG_ANALYZER_NONNULL = YES;
				CLANG_ANALYZER_NUMBER_OBJECT_CONVERSION = YES_AGGRESSIVE;
				CLANG_CXX_LANGUAGE_STANDARD = "gnu++17";
				CLANG_ENABLE_MODULES = YES;
				CLANG_ENABLE_OBJC_ARC = YES;
				CLANG_ENABLE_OBJC_WEAK = YES;
				CLANG_WARN_BLOCK_CAPTURE_AUTORELEASING = YES;
				CLANG_WARN_BOOL_CONVERSION = YES;
				CLANG_WARN_COMMA = YES;
				CLANG_WARN_CONSTANT_CONVERSION = YES;
				CLANG_WARN_DEPRECATED_OBJC_IMPLEMENTATIONS = YES;
				CLANG_WARN_DIRECT_OBJC_ISA_USAGE = YES_ERROR;
				CLANG_WARN_DOCUMENTATION_COMMENTS = YES;
				CLANG_WARN_EMPTY_BODY = YES;
				CLANG_WARN_ENUM_CONVERSION = YES;
				CLANG_WARN_INFINITE_RECURSION = YES;
				CLANG_WARN_INT_CONVERSION = YES;
				CLANG_WARN_NON_LITERAL_NULL_CONVERSION = YES;
				CLANG_WARN_OBJC_IMPLICIT_RETAIN_SELF = YES;
				CLANG_WARN_OBJC_LITERAL_CONVERSION = YES;
				CLANG_WARN_OBJC_ROOT_CLASS = YES_ERROR;
				CLANG_WARN_QUOTED_INCLUDE_IN_FRAMEWORK_HEADER = YES;
				CLANG_WARN_RANGE_LOOP_ANALYSIS = YES;
				CLANG_WARN_STRICT_PROTOTYPES = YES;
				CLANG_WARN_SUSPICIOUS_MOVE = YES;
				CLANG_WARN_UNGUARDED_AVAILABILITY = YES_AGGRESSIVE;
				CLANG_WARN_UNREACHABLE_CODE = YES;
				CLANG_WARN__DUPLICATE_METHOD_MATCH = YES;
				COPY_PHASE_STRIP = NO;
				DEBUG_INFORMATION_FORMAT = "dwarf-with-dsym";
				ENABLE_NS_ASSERTIONS = NO;
				ENABLE_STRICT_OBJC_MSGSEND = YES;
				GCC_C_LANGUAGE_STANDARD = gnu11;
				GCC_NO_COMMON_BLOCKS = YES;
				GCC_WARN_64_TO_32_BIT_CONVERSION = YES;
				GCC_WARN_ABOUT_RETURN_TYPE = YES_ERROR;
				GCC_WARN_UNDECLARED_SELECTOR = YES;
				GCC_WARN_UNINITIALIZED_AUTOS = YES_AGGRESSIVE;
				GCC_WARN_UNUSED_FUNCTION = YES;
				GCC_WARN_UNUSED_VARIABLE = YES;
				IPHONEOS_DEPLOYMENT_TARGET = 15.4;
				MTL_ENABLE_DEBUG_INFO = NO;
				MTL_FAST_MATH = YES;
				SDKROOT = iphoneos;
				SWIFT_COMPILATION_MODE = wholemodule;
				SWIFT_OPTIMIZATION_LEVEL = "-O";
				VALIDATE_PRODUCT = YES;
			};
			name = Release;
		};
		F39CF4FF28DBFFA80008F918 /* Debug */ = {
			isa = XCBuildConfiguration;
			buildSettings = {
				ASSETCATALOG_COMPILER_APPICON_NAME = AppIcon;
				ASSETCATALOG_COMPILER_GLOBAL_ACCENT_COLOR_NAME = AccentColor;
				CODE_SIGN_STYLE = Automatic;
				CURRENT_PROJECT_VERSION = 1;
				DEVELOPMENT_TEAM = 4AP9XD6JRR;
				GENERATE_INFOPLIST_FILE = YES;
				INFOPLIST_FILE = StoryPrompt/Info.plist;
				INFOPLIST_KEY_UIApplicationSupportsIndirectInputEvents = YES;
				INFOPLIST_KEY_UILaunchStoryboardName = LaunchScreen;
				INFOPLIST_KEY_UIMainStoryboardFile = Main;
				INFOPLIST_KEY_UISupportedInterfaceOrientations = UIInterfaceOrientationPortrait;
				INFOPLIST_KEY_UISupportedInterfaceOrientations_iPad = "UIInterfaceOrientationPortrait UIInterfaceOrientationPortraitUpsideDown UIInterfaceOrientationLandscapeLeft UIInterfaceOrientationLandscapeRight";
				INFOPLIST_KEY_UISupportedInterfaceOrientations_iPhone = "UIInterfaceOrientationPortrait UIInterfaceOrientationLandscapeLeft UIInterfaceOrientationLandscapeRight";
				LD_RUNPATH_SEARCH_PATHS = (
					"$(inherited)",
					"@executable_path/Frameworks",
				);
				MARKETING_VERSION = 1.0;
				PRODUCT_BUNDLE_IDENTIFIER = com.hiago.StoryPrompt;
				PRODUCT_NAME = "$(TARGET_NAME)";
				SWIFT_EMIT_LOC_STRINGS = YES;
				SWIFT_VERSION = 5.0;
				TARGETED_DEVICE_FAMILY = "1,2";
			};
			name = Debug;
		};
		F39CF50028DBFFA80008F918 /* Release */ = {
			isa = XCBuildConfiguration;
			buildSettings = {
				ASSETCATALOG_COMPILER_APPICON_NAME = AppIcon;
				ASSETCATALOG_COMPILER_GLOBAL_ACCENT_COLOR_NAME = AccentColor;
				CODE_SIGN_STYLE = Automatic;
				CURRENT_PROJECT_VERSION = 1;
				DEVELOPMENT_TEAM = 4AP9XD6JRR;
				GENERATE_INFOPLIST_FILE = YES;
				INFOPLIST_FILE = StoryPrompt/Info.plist;
				INFOPLIST_KEY_UIApplicationSupportsIndirectInputEvents = YES;
				INFOPLIST_KEY_UILaunchStoryboardName = LaunchScreen;
				INFOPLIST_KEY_UIMainStoryboardFile = Main;
				INFOPLIST_KEY_UISupportedInterfaceOrientations = UIInterfaceOrientationPortrait;
				INFOPLIST_KEY_UISupportedInterfaceOrientations_iPad = "UIInterfaceOrientationPortrait UIInterfaceOrientationPortraitUpsideDown UIInterfaceOrientationLandscapeLeft UIInterfaceOrientationLandscapeRight";
				INFOPLIST_KEY_UISupportedInterfaceOrientations_iPhone = "UIInterfaceOrientationPortrait UIInterfaceOrientationLandscapeLeft UIInterfaceOrientationLandscapeRight";
				LD_RUNPATH_SEARCH_PATHS = (
					"$(inherited)",
					"@executable_path/Frameworks",
				);
				MARKETING_VERSION = 1.0;
				PRODUCT_BUNDLE_IDENTIFIER = com.hiago.StoryPrompt;
				PRODUCT_NAME = "$(TARGET_NAME)";
				SWIFT_EMIT_LOC_STRINGS = YES;
				SWIFT_VERSION = 5.0;
				TARGETED_DEVICE_FAMILY = "1,2";
			};
			name = Release;
		};
/* End XCBuildConfiguration section */

/* Begin XCConfigurationList section */
		F39CF4E528DBFFA50008F918 /* Build configuration list for PBXProject "StoryPrompt" */ = {
			isa = XCConfigurationList;
			buildConfigurations = (
				F39CF4FC28DBFFA80008F918 /* Debug */,
				F39CF4FD28DBFFA80008F918 /* Release */,
			);
			defaultConfigurationIsVisible = 0;
			defaultConfigurationName = Release;
		};
		F39CF4FE28DBFFA80008F918 /* Build configuration list for PBXNativeTarget "StoryPrompt" */ = {
			isa = XCConfigurationList;
			buildConfigurations = (
				F39CF4FF28DBFFA80008F918 /* Debug */,
				F39CF50028DBFFA80008F918 /* Release */,
			);
			defaultConfigurationIsVisible = 0;
			defaultConfigurationName = Release;
		};
/* End XCConfigurationList section */
	};
	rootObject = F39CF4E228DBFFA50008F918 /* Project object */;
}
